
Microsoft Visual Studio Solution File, Format Version 12.00
# Visual Studio Version 16
VisualStudioVersion = 16.0.29613.14
MinimumVisualStudioVersion = 10.0.40219.1
Project("{FAE04EC0-301F-11D3-BF4B-00C04F79EFBC}") = "WPF_ChineseChess", "WPF_ChineseChess.csproj", "{E7B99656-01AA-49C1-926B-80D58F11E146}"
EndProject
Global
	GlobalSection(SolutionConfigurationPlatforms) = preSolution
		Debug|Any CPU = Debug|Any CPU
		Release|Any CPU = Release|Any CPU
	EndGlobalSection
	GlobalSection(ProjectConfigurationPlatforms) = postSolution
		{E7B99656-01AA-49C1-926B-80D58F11E146}.Debug|Any CPU.ActiveCfg = Debug|Any CPU
		{E7B99656-01AA-49C1-926B-80D58F11E146}.Debug|Any CPU.Build.0 = Debug|Any CPU
		{E7B99656-01AA-49C1-926B-80D58F11E146}.Release|Any CPU.ActiveCfg = Release|Any CPU
		{E7B99656-01AA-49C1-926B-80D58F11E146}.Release|Any CPU.Build.0 = Release|Any CPU
	EndGlobalSection
	GlobalSection(SolutionProperties) = preSolution
		HideSolutionNode = FALSE
	EndGlobalSection
	GlobalSection(ExtensibilityGlobals) = postSolution
		SolutionGuid = {8FDBDA92-A3C2-4B57-9C2D-0DF97F1AA72C}
	EndGlobalSection
EndGlobal
